
Microsoft Visual Studio Solution File, Format Version 12.00
# Visual Studio Version 16
VisualStudioVersion = 16.0.32428.217
MinimumVisualStudioVersion = 10.0.40219.1
Project("{9A19103F-16F7-4668-BE54-9A1E7A4F7556}") = "MyXamarinApp", "MyXamarinApp\MyXamarinApp\MyXamarinApp.csproj", "{14B8618B-E411-4203-A854-92138A4FED87}"
EndProject
Project("{FAE04EC0-301F-11D3-BF4B-00C04F79EFBC}") = "MyXamarinApp.Android", "MyXamarinApp\MyXamarinApp.Android\MyXamarinApp.Android.csproj", "{5C353BA1-2070-4A89-8012-CC55053344DB}"
EndProject
Project("{FAE04EC0-301F-11D3-BF4B-00C04F79EFBC}") = "MyXamarinApp.iOS", "MyXamarinApp\MyXamarinApp.iOS\MyXamarinApp.iOS.csproj", "{B4F8AEA0-26A6-49D4-8C70-4A7220CD38D4}"
EndProject
Project("{FAE04EC0-301F-11D3-BF4B-00C04F79EFBC}") = "MyXamarinApp.UWP", "MyXamarinApp\MyXamarinApp.UWP\MyXamarinApp.UWP.csproj", "{6D2E1ECC-0E35-4D5C-85B6-8272F8A1DC7F}"
EndProject
Project("{FAE04EC0-301F-11D3-BF4B-00C04F79EFBC}") = "UnitTests", "UnitTests\UnitTests.csproj", "{D0B43746-DA81-4219-A2BF-1040795EF78D}"
EndProject
Global
	GlobalSection(SolutionConfigurationPlatforms) = preSolution
		Ad-Hoc|Any CPU = Ad-Hoc|Any CPU
		Ad-Hoc|ARM = Ad-Hoc|ARM
		Ad-Hoc|iPhone = Ad-Hoc|iPhone
		Ad-Hoc|iPhoneSimulator = Ad-Hoc|iPhoneSimulator
		Ad-Hoc|x64 = Ad-Hoc|x64
		Ad-Hoc|x86 = Ad-Hoc|x86
		AppStore|Any CPU = AppStore|Any CPU
		AppStore|ARM = AppStore|ARM
		AppStore|iPhone = AppStore|iPhone
		AppStore|iPhoneSimulator = AppStore|iPhoneSimulator
		AppStore|x64 = AppStore|x64
		AppStore|x86 = AppStore|x86
		Debug|Any CPU = Debug|Any CPU
		Debug|ARM = Debug|ARM
		Debug|iPhone = Debug|iPhone
		Debug|iPhoneSimulator = Debug|iPhoneSimulator
		Debug|x64 = Debug|x64
		Debug|x86 = Debug|x86
		Release|Any CPU = Release|Any CPU
		Release|ARM = Release|ARM
		Release|iPhone = Release|iPhone
		Release|iPhoneSimulator = Release|iPhoneSimulator
		Release|x64 = Release|x64
		Release|x86 = Release|x86
	EndGlobalSection
	GlobalSection(ProjectConfigurationPlatforms) = postSolution
		{14B8618B-E411-4203-A854-92138A4FED87}.Ad-Hoc|Any CPU.ActiveCfg = Debug|Any CPU
		{14B8618B-E411-4203-A854-92138A4FED87}.Ad-Hoc|Any CPU.Build.0 = Debug|Any CPU
		{14B8618B-E411-4203-A854-92138A4FED87}.Ad-Hoc|ARM.ActiveCfg = Debug|Any CPU
		{14B8618B-E411-4203-A854-92138A4FED87}.Ad-Hoc|ARM.Build.0 = Debug|Any CPU
		{14B8618B-E411-4203-A854-92138A4FED87}.Ad-Hoc|iPhone.ActiveCfg = Debug|Any CPU
		{14B8618B-E411-4203-A854-92138A4FED87}.Ad-Hoc|iPhone.Build.0 = Debug|Any CPU
		{14B8618B-E411-4203-A854-92138A4FED87}.Ad-Hoc|iPhoneSimulator.ActiveCfg = Debug|Any CPU
		{14B8618B-E411-4203-A854-92138A4FED87}.Ad-Hoc|iPhoneSimulator.Build.0 = Debug|Any CPU
		{14B8618B-E411-4203-A854-92138A4FED87}.Ad-Hoc|x64.ActiveCfg = Debug|Any CPU
		{14B8618B-E411-4203-A854-92138A4FED87}.Ad-Hoc|x64.Build.0 = Debug|Any CPU
		{14B8618B-E411-4203-A854-92138A4FED87}.Ad-Hoc|x86.ActiveCfg = Debug|Any CPU
		{14B8618B-E411-4203-A854-92138A4FED87}.Ad-Hoc|x86.Build.0 = Debug|Any CPU
		{14B8618B-E411-4203-A854-92138A4FED87}.AppStore|Any CPU.ActiveCfg = Debug|Any CPU
		{14B8618B-E411-4203-A854-92138A4FED87}.AppStore|Any CPU.Build.0 = Debug|Any CPU
		{14B8618B-E411-4203-A854-92138A4FED87}.AppStore|ARM.ActiveCfg = Debug|Any CPU
		{14B8618B-E411-4203-A854-92138A4FED87}.AppStore|ARM.Build.0 = Debug|Any CPU
		{14B8618B-E411-4203-A854-92138A4FED87}.AppStore|iPhone.ActiveCfg = Debug|Any CPU
		{14B8618B-E411-4203-A854-92138A4FED87}.AppStore|iPhone.Build.0 = Debug|Any CPU
		{14B8618B-E411-4203-A854-92138A4FED87}.AppStore|iPhoneSimulator.ActiveCfg = Debug|Any CPU
		{14B8618B-E411-4203-A854-92138A4FED87}.AppStore|iPhoneSimulator.Build.0 = Debug|Any CPU
		{14B8618B-E411-4203-A854-92138A4FED87}.AppStore|x64.ActiveCfg = Debug|Any CPU
		{14B8618B-E411-4203-A854-92138A4FED87}.AppStore|x64.Build.0 = Debug|Any CPU
		{14B8618B-E411-4203-A854-92138A4FED87}.AppStore|x86.ActiveCfg = Debug|Any CPU
		{14B8618B-E411-4203-A854-92138A4FED87}.AppStore|x86.Build.0 = Debug|Any CPU
		{14B8618B-E411-4203-A854-92138A4FED87}.Debug|Any CPU.ActiveCfg = Debug|Any CPU
		{14B8618B-E411-4203-A854-92138A4FED87}.Debug|Any CPU.Build.0 = Debug|Any CPU
		{14B8618B-E411-4203-A854-92138A4FED87}.Debug|ARM.ActiveCfg = Debug|Any CPU
		{14B8618B-E411-4203-A854-92138A4FED87}.Debug|ARM.Build.0 = Debug|Any CPU
		{14B8618B-E411-4203-A854-92138A4FED87}.Debug|iPhone.ActiveCfg = Debug|Any CPU
		{14B8618B-E411-4203-A854-92138A4FED87}.Debug|iPhone.Build.0 = Debug|Any CPU
		{14B8618B-E411-4203-A854-92138A4FED87}.Debug|iPhoneSimulator.ActiveCfg = Debug|Any CPU
		{14B8618B-E411-4203-A854-92138A4FED87}.Debug|iPhoneSimulator.Build.0 = Debug|Any CPU
		{14B8618B-E411-4203-A854-92138A4FED87}.Debug|x64.ActiveCfg = Debug|Any CPU
		{14B8618B-E411-4203-A854-92138A4FED87}.Debug|x64.Build.0 = Debug|Any CPU
		{14B8618B-E411-4203-A854-92138A4FED87}.Debug|x86.ActiveCfg = Debug|Any CPU
		{14B8618B-E411-4203-A854-92138A4FED87}.Debug|x86.Build.0 = Debug|Any CPU
		{14B8618B-E411-4203-A854-92138A4FED87}.Release|Any CPU.ActiveCfg = Release|Any CPU
		{14B8618B-E411-4203-A854-92138A4FED87}.Release|Any CPU.Build.0 = Release|Any CPU
		{14B8618B-E411-4203-A854-92138A4FED87}.Release|ARM.ActiveCfg = Release|Any CPU
		{14B8618B-E411-4203-A854-92138A4FED87}.Release|ARM.Build.0 = Release|Any CPU
		{14B8618B-E411-4203-A854-92138A4FED87}.Release|iPhone.ActiveCfg = Release|Any CPU
		{14B8618B-E411-4203-A854-92138A4FED87}.Release|iPhone.Build.0 = Release|Any CPU
		{14B8618B-E411-4203-A854-92138A4FED87}.Release|iPhoneSimulator.ActiveCfg = Release|Any CPU
		{14B8618B-E411-4203-A854-92138A4FED87}.Release|iPhoneSimulator.Build.0 = Release|Any CPU
		{14B8618B-E411-4203-A854-92138A4FED87}.Release|x64.ActiveCfg = Release|Any CPU
		{14B8618B-E411-4203-A854-92138A4FED87}.Release|x64.Build.0 = Release|Any CPU
		{14B8618B-E411-4203-A854-92138A4FED87}.Release|x86.ActiveCfg = Release|Any CPU
		{14B8618B-E411-4203-A854-92138A4FED87}.Release|x86.Build.0 = Release|Any CPU
		{5C353BA1-2070-4A89-8012-CC55053344DB}.Ad-Hoc|Any CPU.ActiveCfg = Debug|Any CPU
		{5C353BA1-2070-4A89-8012-CC55053344DB}.Ad-Hoc|Any CPU.Build.0 = Debug|Any CPU
		{5C353BA1-2070-4A89-8012-CC55053344DB}.Ad-Hoc|Any CPU.Deploy.0 = Debug|Any CPU
		{5C353BA1-2070-4A89-8012-CC55053344DB}.Ad-Hoc|ARM.ActiveCfg = Debug|Any CPU
		{5C353BA1-2070-4A89-8012-CC55053344DB}.Ad-Hoc|ARM.Build.0 = Debug|Any CPU
		{5C353BA1-2070-4A89-8012-CC55053344DB}.Ad-Hoc|ARM.Deploy.0 = Debug|Any CPU
		{5C353BA1-2070-4A89-8012-CC55053344DB}.Ad-Hoc|iPhone.ActiveCfg = Debug|Any CPU
		{5C353BA1-2070-4A89-8012-CC55053344DB}.Ad-Hoc|iPhone.Build.0 = Debug|Any CPU
		{5C353BA1-2070-4A89-8012-CC55053344DB}.Ad-Hoc|iPhone.Deploy.0 = Debug|Any CPU
		{5C353BA1-2070-4A89-8012-CC55053344DB}.Ad-Hoc|iPhoneSimulator.ActiveCfg = Debug|Any CPU
		{5C353BA1-2070-4A89-8012-CC55053344DB}.Ad-Hoc|iPhoneSimulator.Build.0 = Debug|Any CPU
		{5C353BA1-2070-4A89-8012-CC55053344DB}.Ad-Hoc|iPhoneSimulator.Deploy.0 = Debug|Any CPU
		{5C353BA1-2070-4A89-8012-CC55053344DB}.Ad-Hoc|x64.ActiveCfg = Debug|Any CPU
		{5C353BA1-2070-4A89-8012-CC55053344DB}.Ad-Hoc|x64.Build.0 = Debug|Any CPU
		{5C353BA1-2070-4A89-8012-CC55053344DB}.Ad-Hoc|x64.Deploy.0 = Debug|Any CPU
		{5C353BA1-2070-4A89-8012-CC55053344DB}.Ad-Hoc|x86.ActiveCfg = Debug|Any CPU
		{5C353BA1-2070-4A89-8012-CC55053344DB}.Ad-Hoc|x86.Build.0 = Debug|Any CPU
		{5C353BA1-2070-4A89-8012-CC55053344DB}.Ad-Hoc|x86.Deploy.0 = Debug|Any CPU
		{5C353BA1-2070-4A89-8012-CC55053344DB}.AppStore|Any CPU.ActiveCfg = Debug|Any CPU
		{5C353BA1-2070-4A89-8012-CC55053344DB}.AppStore|Any CPU.Build.0 = Debug|Any CPU
		{5C353BA1-2070-4A89-8012-CC55053344DB}.AppStore|Any CPU.Deploy.0 = Debug|Any CPU
		{5C353BA1-2070-4A89-8012-CC55053344DB}.AppStore|ARM.ActiveCfg = Debug|Any CPU
		{5C353BA1-2070-4A89-8012-CC55053344DB}.AppStore|ARM.Build.0 = Debug|Any CPU
		{5C353BA1-2070-4A89-8012-CC55053344DB}.AppStore|ARM.Deploy.0 = Debug|Any CPU
		{5C353BA1-2070-4A89-8012-CC55053344DB}.AppStore|iPhone.ActiveCfg = Debug|Any CPU
		{5C353BA1-2070-4A89-8012-CC55053344DB}.AppStore|iPhone.Build.0 = Debug|Any CPU
		{5C353BA1-2070-4A89-8012-CC55053344DB}.AppStore|iPhone.Deploy.0 = Debug|Any CPU
		{5C353BA1-2070-4A89-8012-CC55053344DB}.AppStore|iPhoneSimulator.ActiveCfg = Debug|Any CPU
		{5C353BA1-2070-4A89-8012-CC55053344DB}.AppStore|iPhoneSimulator.Build.0 = Debug|Any CPU
		{5C353BA1-2070-4A89-8012-CC55053344DB}.AppStore|iPhoneSimulator.Deploy.0 = Debug|Any CPU
		{5C353BA1-2070-4A89-8012-CC55053344DB}.AppStore|x64.ActiveCfg = Debug|Any CPU
		{5C353BA1-2070-4A89-8012-CC55053344DB}.AppStore|x64.Build.0 = Debug|Any CPU
		{5C353BA1-2070-4A89-8012-CC55053344DB}.AppStore|x64.Deploy.0 = Debug|Any CPU
		{5C353BA1-2070-4A89-8012-CC55053344DB}.AppStore|x86.ActiveCfg = Debug|Any CPU
		{5C353BA1-2070-4A89-8012-CC55053344DB}.AppStore|x86.Build.0 = Debug|Any CPU
		{5C353BA1-2070-4A89-8012-CC55053344DB}.AppStore|x86.Deploy.0 = Debug|Any CPU
		{5C353BA1-2070-4A89-8012-CC55053344DB}.Debug|Any CPU.ActiveCfg = Debug|Any CPU
		{5C353BA1-2070-4A89-8012-CC55053344DB}.Debug|Any CPU.Build.0 = Debug|Any CPU
		{5C353BA1-2070-4A89-8012-CC55053344DB}.Debug|Any CPU.Deploy.0 = Debug|Any CPU
		{5C353BA1-2070-4A89-8012-CC55053344DB}.Debug|ARM.ActiveCfg = Debug|Any CPU
		{5C353BA1-2070-4A89-8012-CC55053344DB}.Debug|ARM.Build.0 = Debug|Any CPU
		{5C353BA1-2070-4A89-8012-CC55053344DB}.Debug|ARM.Deploy.0 = Debug|Any CPU
		{5C353BA1-2070-4A89-8012-CC55053344DB}.Debug|iPhone.ActiveCfg = Debug|Any CPU
		{5C353BA1-2070-4A89-8012-CC55053344DB}.Debug|iPhone.Build.0 = Debug|Any CPU
		{5C353BA1-2070-4A89-8012-CC55053344DB}.Debug|iPhone.Deploy.0 = Debug|Any CPU
		{5C353BA1-2070-4A89-8012-CC55053344DB}.Debug|iPhoneSimulator.ActiveCfg = Debug|Any CPU
		{5C353BA1-2070-4A89-8012-CC55053344DB}.Debug|iPhoneSimulator.Build.0 = Debug|Any CPU
		{5C353BA1-2070-4A89-8012-CC55053344DB}.Debug|iPhoneSimulator.Deploy.0 = Debug|Any CPU
		{5C353BA1-2070-4A89-8012-CC55053344DB}.Debug|x64.ActiveCfg = Debug|Any CPU
		{5C353BA1-2070-4A89-8012-CC55053344DB}.Debug|x64.Build.0 = Debug|Any CPU
		{5C353BA1-2070-4A89-8012-CC55053344DB}.Debug|x64.Deploy.0 = Debug|Any CPU
		{5C353BA1-2070-4A89-8012-CC55053344DB}.Debug|x86.ActiveCfg = Debug|Any CPU
		{5C353BA1-2070-4A89-8012-CC55053344DB}.Debug|x86.Build.0 = Debug|Any CPU
		{5C353BA1-2070-4A89-8012-CC55053344DB}.Debug|x86.Deploy.0 = Debug|Any CPU
		{5C353BA1-2070-4A89-8012-CC55053344DB}.Release|Any CPU.ActiveCfg = Release|Any CPU
		{5C353BA1-2070-4A89-8012-CC55053344DB}.Release|Any CPU.Build.0 = Release|Any CPU
		{5C353BA1-2070-4A89-8012-CC55053344DB}.Release|Any CPU.Deploy.0 = Release|Any CPU
		{5C353BA1-2070-4A89-8012-CC55053344DB}.Release|ARM.ActiveCfg = Release|Any CPU
		{5C353BA1-2070-4A89-8012-CC55053344DB}.Release|ARM.Build.0 = Release|Any CPU
		{5C353BA1-2070-4A89-8012-CC55053344DB}.Release|ARM.Deploy.0 = Release|Any CPU
		{5C353BA1-2070-4A89-8012-CC55053344DB}.Release|iPhone.ActiveCfg = Release|Any CPU
		{5C353BA1-2070-4A89-8012-CC55053344DB}.Release|iPhone.Build.0 = Release|Any CPU
		{5C353BA1-2070-4A89-8012-CC55053344DB}.Release|iPhone.Deploy.0 = Release|Any CPU
		{5C353BA1-2070-4A89-8012-CC55053344DB}.Release|iPhoneSimulator.ActiveCfg = Release|Any CPU
		{5C353BA1-2070-4A89-8012-CC55053344DB}.Release|iPhoneSimulator.Build.0 = Release|Any CPU
		{5C353BA1-2070-4A89-8012-CC55053344DB}.Release|iPhoneSimulator.Deploy.0 = Release|Any CPU
		{5C353BA1-2070-4A89-8012-CC55053344DB}.Release|x64.ActiveCfg = Release|Any CPU
		{5C353BA1-2070-4A89-8012-CC55053344DB}.Release|x64.Build.0 = Release|Any CPU
		{5C353BA1-2070-4A89-8012-CC55053344DB}.Release|x64.Deploy.0 = Release|Any CPU
		{5C353BA1-2070-4A89-8012-CC55053344DB}.Release|x86.ActiveCfg = Release|Any CPU
		{5C353BA1-2070-4A89-8012-CC55053344DB}.Release|x86.Build.0 = Release|Any CPU
		{5C353BA1-2070-4A89-8012-CC55053344DB}.Release|x86.Deploy.0 = Release|Any CPU
		{B4F8AEA0-26A6-49D4-8C70-4A7220CD38D4}.Ad-Hoc|Any CPU.ActiveCfg = Ad-Hoc|iPhoneSimulator
		{B4F8AEA0-26A6-49D4-8C70-4A7220CD38D4}.Ad-Hoc|ARM.ActiveCfg = Ad-Hoc|iPhoneSimulator
		{B4F8AEA0-26A6-49D4-8C70-4A7220CD38D4}.Ad-Hoc|iPhone.ActiveCfg = Ad-Hoc|iPhone
		{B4F8AEA0-26A6-49D4-8C70-4A7220CD38D4}.Ad-Hoc|iPhone.Build.0 = Ad-Hoc|iPhone
		{B4F8AEA0-26A6-49D4-8C70-4A7220CD38D4}.Ad-Hoc|iPhoneSimulator.ActiveCfg = Ad-Hoc|iPhoneSimulator
		{B4F8AEA0-26A6-49D4-8C70-4A7220CD38D4}.Ad-Hoc|iPhoneSimulator.Build.0 = Ad-Hoc|iPhoneSimulator
		{B4F8AEA0-26A6-49D4-8C70-4A7220CD38D4}.Ad-Hoc|x64.ActiveCfg = Ad-Hoc|iPhoneSimulator
		{B4F8AEA0-26A6-49D4-8C70-4A7220CD38D4}.Ad-Hoc|x86.ActiveCfg = Ad-Hoc|iPhoneSimulator
		{B4F8AEA0-26A6-49D4-8C70-4A7220CD38D4}.AppStore|Any CPU.ActiveCfg = AppStore|iPhoneSimulator
		{B4F8AEA0-26A6-49D4-8C70-4A7220CD38D4}.AppStore|ARM.ActiveCfg = AppStore|iPhoneSimulator
		{B4F8AEA0-26A6-49D4-8C70-4A7220CD38D4}.AppStore|iPhone.ActiveCfg = AppStore|iPhone
		{B4F8AEA0-26A6-49D4-8C70-4A7220CD38D4}.AppStore|iPhone.Build.0 = AppStore|iPhone
		{B4F8AEA0-26A6-49D4-8C70-4A7220CD38D4}.AppStore|iPhoneSimulator.ActiveCfg = AppStore|iPhoneSimulator
		{B4F8AEA0-26A6-49D4-8C70-4A7220CD38D4}.AppStore|iPhoneSimulator.Build.0 = AppStore|iPhoneSimulator
		{B4F8AEA0-26A6-49D4-8C70-4A7220CD38D4}.AppStore|x64.ActiveCfg = AppStore|iPhoneSimulator
		{B4F8AEA0-26A6-49D4-8C70-4A7220CD38D4}.AppStore|x86.ActiveCfg = AppStore|iPhoneSimulator
		{B4F8AEA0-26A6-49D4-8C70-4A7220CD38D4}.Debug|Any CPU.ActiveCfg = Debug|iPhoneSimulator
		{B4F8AEA0-26A6-49D4-8C70-4A7220CD38D4}.Debug|ARM.ActiveCfg = Debug|iPhoneSimulator
		{B4F8AEA0-26A6-49D4-8C70-4A7220CD38D4}.Debug|iPhone.ActiveCfg = Debug|iPhone
		{B4F8AEA0-26A6-49D4-8C70-4A7220CD38D4}.Debug|iPhone.Build.0 = Debug|iPhone
		{B4F8AEA0-26A6-49D4-8C70-4A7220CD38D4}.Debug|iPhoneSimulator.ActiveCfg = Debug|iPhoneSimulator
		{B4F8AEA0-26A6-49D4-8C70-4A7220CD38D4}.Debug|iPhoneSimulator.Build.0 = Debug|iPhoneSimulator
		{B4F8AEA0-26A6-49D4-8C70-4A7220CD38D4}.Debug|x64.ActiveCfg = Debug|iPhoneSimulator
		{B4F8AEA0-26A6-49D4-8C70-4A7220CD38D4}.Debug|x86.ActiveCfg = Debug|iPhoneSimulator
		{B4F8AEA0-26A6-49D4-8C70-4A7220CD38D4}.Release|Any CPU.ActiveCfg = Release|iPhoneSimulator
		{B4F8AEA0-26A6-49D4-8C70-4A7220CD38D4}.Release|ARM.ActiveCfg = Release|iPhoneSimulator
		{B4F8AEA0-26A6-49D4-8C70-4A7220CD38D4}.Release|iPhone.ActiveCfg = Release|iPhone
		{B4F8AEA0-26A6-49D4-8C70-4A7220CD38D4}.Release|iPhone.Build.0 = Release|iPhone
		{B4F8AEA0-26A6-49D4-8C70-4A7220CD38D4}.Release|iPhoneSimulator.ActiveCfg = Release|iPhoneSimulator
		{B4F8AEA0-26A6-49D4-8C70-4A7220CD38D4}.Release|iPhoneSimulator.Build.0 = Release|iPhoneSimulator
		{B4F8AEA0-26A6-49D4-8C70-4A7220CD38D4}.Release|x64.ActiveCfg = Release|iPhoneSimulator
		{B4F8AEA0-26A6-49D4-8C70-4A7220CD38D4}.Release|x86.ActiveCfg = Release|iPhoneSimulator
		{6D2E1ECC-0E35-4D5C-85B6-8272F8A1DC7F}.Ad-Hoc|Any CPU.ActiveCfg = Debug|ARM
		{6D2E1ECC-0E35-4D5C-85B6-8272F8A1DC7F}.Ad-Hoc|Any CPU.Build.0 = Debug|ARM
		{6D2E1ECC-0E35-4D5C-85B6-8272F8A1DC7F}.Ad-Hoc|Any CPU.Deploy.0 = Debug|ARM
		{6D2E1ECC-0E35-4D5C-85B6-8272F8A1DC7F}.Ad-Hoc|ARM.ActiveCfg = Debug|ARM
		{6D2E1ECC-0E35-4D5C-85B6-8272F8A1DC7F}.Ad-Hoc|ARM.Build.0 = Debug|ARM
		{6D2E1ECC-0E35-4D5C-85B6-8272F8A1DC7F}.Ad-Hoc|ARM.Deploy.0 = Debug|ARM
		{6D2E1ECC-0E35-4D5C-85B6-8272F8A1DC7F}.Ad-Hoc|iPhone.ActiveCfg = Debug|ARM
		{6D2E1ECC-0E35-4D5C-85B6-8272F8A1DC7F}.Ad-Hoc|iPhone.Build.0 = Debug|ARM
		{6D2E1ECC-0E35-4D5C-85B6-8272F8A1DC7F}.Ad-Hoc|iPhone.Deploy.0 = Debug|ARM
		{6D2E1ECC-0E35-4D5C-85B6-8272F8A1DC7F}.Ad-Hoc|iPhoneSimulator.ActiveCfg = Debug|ARM
		{6D2E1ECC-0E35-4D5C-85B6-8272F8A1DC7F}.Ad-Hoc|iPhoneSimulator.Build.0 = Debug|ARM
		{6D2E1ECC-0E35-4D5C-85B6-8272F8A1DC7F}.Ad-Hoc|iPhoneSimulator.Deploy.0 = Debug|ARM
		{6D2E1ECC-0E35-4D5C-85B6-8272F8A1DC7F}.Ad-Hoc|x64.ActiveCfg = Debug|x64
		{6D2E1ECC-0E35-4D5C-85B6-8272F8A1DC7F}.Ad-Hoc|x64.Build.0 = Debug|x64
		{6D2E1ECC-0E35-4D5C-85B6-8272F8A1DC7F}.Ad-Hoc|x64.Deploy.0 = Debug|x64
		{6D2E1ECC-0E35-4D5C-85B6-8272F8A1DC7F}.Ad-Hoc|x86.ActiveCfg = Debug|x86
		{6D2E1ECC-0E35-4D5C-85B6-8272F8A1DC7F}.Ad-Hoc|x86.Build.0 = Debug|x86
		{6D2E1ECC-0E35-4D5C-85B6-8272F8A1DC7F}.Ad-Hoc|x86.Deploy.0 = Debug|x86
		{6D2E1ECC-0E35-4D5C-85B6-8272F8A1DC7F}.AppStore|Any CPU.ActiveCfg = Debug|ARM
		{6D2E1ECC-0E35-4D5C-85B6-8272F8A1DC7F}.AppStore|Any CPU.Build.0 = Debug|ARM
		{6D2E1ECC-0E35-4D5C-85B6-8272F8A1DC7F}.AppStore|Any CPU.Deploy.0 = Debug|ARM
		{6D2E1ECC-0E35-4D5C-85B6-8272F8A1DC7F}.AppStore|ARM.ActiveCfg = Debug|ARM
		{6D2E1ECC-0E35-4D5C-85B6-8272F8A1DC7F}.AppStore|ARM.Build.0 = Debug|ARM
		{6D2E1ECC-0E35-4D5C-85B6-8272F8A1DC7F}.AppStore|ARM.Deploy.0 = Debug|ARM
		{6D2E1ECC-0E35-4D5C-85B6-8272F8A1DC7F}.AppStore|iPhone.ActiveCfg = Debug|ARM
		{6D2E1ECC-0E35-4D5C-85B6-8272F8A1DC7F}.AppStore|iPhone.Build.0 = Debug|ARM
		{6D2E1ECC-0E35-4D5C-85B6-8272F8A1DC7F}.AppStore|iPhone.Deploy.0 = Debug|ARM
		{6D2E1ECC-0E35-4D5C-85B6-8272F8A1DC7F}.AppStore|iPhoneSimulator.ActiveCfg = Debug|ARM
		{6D2E1ECC-0E35-4D5C-85B6-8272F8A1DC7F}.AppStore|iPhoneSimulator.Build.0 = Debug|ARM
		{6D2E1ECC-0E35-4D5C-85B6-8272F8A1DC7F}.AppStore|iPhoneSimulator.Deploy.0 = Debug|ARM
		{6D2E1ECC-0E35-4D5C-85B6-8272F8A1DC7F}.AppStore|x64.ActiveCfg = Debug|x64
		{6D2E1ECC-0E35-4D5C-85B6-8272F8A1DC7F}.AppStore|x64.Build.0 = Debug|x64
		{6D2E1ECC-0E35-4D5C-85B6-8272F8A1DC7F}.AppStore|x64.Deploy.0 = Debug|x64
		{6D2E1ECC-0E35-4D5C-85B6-8272F8A1DC7F}.AppStore|x86.ActiveCfg = Debug|x86
		{6D2E1ECC-0E35-4D5C-85B6-8272F8A1DC7F}.AppStore|x86.Build.0 = Debug|x86
		{6D2E1ECC-0E35-4D5C-85B6-8272F8A1DC7F}.AppStore|x86.Deploy.0 = Debug|x86
		{6D2E1ECC-0E35-4D5C-85B6-8272F8A1DC7F}.Debug|Any CPU.ActiveCfg = Debug|x86
		{6D2E1ECC-0E35-4D5C-85B6-8272F8A1DC7F}.Debug|ARM.ActiveCfg = Debug|ARM
		{6D2E1ECC-0E35-4D5C-85B6-8272F8A1DC7F}.Debug|ARM.Build.0 = Debug|ARM
		{6D2E1ECC-0E35-4D5C-85B6-8272F8A1DC7F}.Debug|ARM.Deploy.0 = Debug|ARM
		{6D2E1ECC-0E35-4D5C-85B6-8272F8A1DC7F}.Debug|iPhone.ActiveCfg = Debug|x86
		{6D2E1ECC-0E35-4D5C-85B6-8272F8A1DC7F}.Debug|iPhoneSimulator.ActiveCfg = Debug|x86
		{6D2E1ECC-0E35-4D5C-85B6-8272F8A1DC7F}.Debug|x64.ActiveCfg = Debug|x64
		{6D2E1ECC-0E35-4D5C-85B6-8272F8A1DC7F}.Debug|x64.Build.0 = Debug|x64
		{6D2E1ECC-0E35-4D5C-85B6-8272F8A1DC7F}.Debug|x64.Deploy.0 = Debug|x64
		{6D2E1ECC-0E35-4D5C-85B6-8272F8A1DC7F}.Debug|x86.ActiveCfg = Debug|x86
		{6D2E1ECC-0E35-4D5C-85B6-8272F8A1DC7F}.Debug|x86.Build.0 = Debug|x86
		{6D2E1ECC-0E35-4D5C-85B6-8272F8A1DC7F}.Debug|x86.Deploy.0 = Debug|x86
		{6D2E1ECC-0E35-4D5C-85B6-8272F8A1DC7F}.Release|Any CPU.ActiveCfg = Release|x86
		{6D2E1ECC-0E35-4D5C-85B6-8272F8A1DC7F}.Release|ARM.ActiveCfg = Release|ARM
		{6D2E1ECC-0E35-4D5C-85B6-8272F8A1DC7F}.Release|ARM.Build.0 = Release|ARM
		{6D2E1ECC-0E35-4D5C-85B6-8272F8A1DC7F}.Release|ARM.Deploy.0 = Release|ARM
		{6D2E1ECC-0E35-4D5C-85B6-8272F8A1DC7F}.Release|iPhone.ActiveCfg = Release|x86
		{6D2E1ECC-0E35-4D5C-85B6-8272F8A1DC7F}.Release|iPhoneSimulator.ActiveCfg = Release|x86
		{6D2E1ECC-0E35-4D5C-85B6-8272F8A1DC7F}.Release|x64.ActiveCfg = Release|x64
		{6D2E1ECC-0E35-4D5C-85B6-8272F8A1DC7F}.Release|x64.Build.0 = Release|x64
		{6D2E1ECC-0E35-4D5C-85B6-8272F8A1DC7F}.Release|x64.Deploy.0 = Release|x64
		{6D2E1ECC-0E35-4D5C-85B6-8272F8A1DC7F}.Release|x86.ActiveCfg = Release|x86
		{6D2E1ECC-0E35-4D5C-85B6-8272F8A1DC7F}.Release|x86.Build.0 = Release|x86
		{6D2E1ECC-0E35-4D5C-85B6-8272F8A1DC7F}.Release|x86.Deploy.0 = Release|x86
		{D0B43746-DA81-4219-A2BF-1040795EF78D}.Ad-Hoc|Any CPU.ActiveCfg = Debug|Any CPU
		{D0B43746-DA81-4219-A2BF-1040795EF78D}.Ad-Hoc|Any CPU.Build.0 = Debug|Any CPU
		{D0B43746-DA81-4219-A2BF-1040795EF78D}.Ad-Hoc|ARM.ActiveCfg = Debug|Any CPU
		{D0B43746-DA81-4219-A2BF-1040795EF78D}.Ad-Hoc|ARM.Build.0 = Debug|Any CPU
		{D0B43746-DA81-4219-A2BF-1040795EF78D}.Ad-Hoc|iPhone.ActiveCfg = Debug|Any CPU
		{D0B43746-DA81-4219-A2BF-1040795EF78D}.Ad-Hoc|iPhone.Build.0 = Debug|Any CPU
		{D0B43746-DA81-4219-A2BF-1040795EF78D}.Ad-Hoc|iPhoneSimulator.ActiveCfg = Debug|Any CPU
		{D0B43746-DA81-4219-A2BF-1040795EF78D}.Ad-Hoc|iPhoneSimulator.Build.0 = Debug|Any CPU
		{D0B43746-DA81-4219-A2BF-1040795EF78D}.Ad-Hoc|x64.ActiveCfg = Debug|Any CPU
		{D0B43746-DA81-4219-A2BF-1040795EF78D}.Ad-Hoc|x64.Build.0 = Debug|Any CPU
		{D0B43746-DA81-4219-A2BF-1040795EF78D}.Ad-Hoc|x86.ActiveCfg = Debug|Any CPU
		{D0B43746-DA81-4219-A2BF-1040795EF78D}.Ad-Hoc|x86.Build.0 = Debug|Any CPU
		{D0B43746-DA81-4219-A2BF-1040795EF78D}.AppStore|Any CPU.ActiveCfg = Debug|Any CPU
		{D0B43746-DA81-4219-A2BF-1040795EF78D}.AppStore|Any CPU.Build.0 = Debug|Any CPU
		{D0B43746-DA81-4219-A2BF-1040795EF78D}.AppStore|ARM.ActiveCfg = Debug|Any CPU
		{D0B43746-DA81-4219-A2BF-1040795EF78D}.AppStore|ARM.Build.0 = Debug|Any CPU
		{D0B43746-DA81-4219-A2BF-1040795EF78D}.AppStore|iPhone.ActiveCfg = Debug|Any CPU
		{D0B43746-DA81-4219-A2BF-1040795EF78D}.AppStore|iPhone.Build.0 = Debug|Any CPU
		{D0B43746-DA81-4219-A2BF-1040795EF78D}.AppStore|iPhoneSimulator.ActiveCfg = Debug|Any CPU
		{D0B43746-DA81-4219-A2BF-1040795EF78D}.AppStore|iPhoneSimulator.Build.0 = Debug|Any CPU
		{D0B43746-DA81-4219-A2BF-1040795EF78D}.AppStore|x64.ActiveCfg = Debug|Any CPU
		{D0B43746-DA81-4219-A2BF-1040795EF78D}.AppStore|x64.Build.0 = Debug|Any CPU
		{D0B43746-DA81-4219-A2BF-1040795EF78D}.AppStore|x86.ActiveCfg = Debug|Any CPU
		{D0B43746-DA81-4219-A2BF-1040795EF78D}.AppStore|x86.Build.0 = Debug|Any CPU
		{D0B43746-DA81-4219-A2BF-1040795EF78D}.Debug|Any CPU.ActiveCfg = Debug|Any CPU
		{D0B43746-DA81-4219-A2BF-1040795EF78D}.Debug|Any CPU.Build.0 = Debug|Any CPU
		{D0B43746-DA81-4219-A2BF-1040795EF78D}.Debug|ARM.ActiveCfg = Debug|Any CPU
		{D0B43746-DA81-4219-A2BF-1040795EF78D}.Debug|ARM.Build.0 = Debug|Any CPU
		{D0B43746-DA81-4219-A2BF-1040795EF78D}.Debug|iPhone.ActiveCfg = Debug|Any CPU
		{D0B43746-DA81-4219-A2BF-1040795EF78D}.Debug|iPhone.Build.0 = Debug|Any CPU
		{D0B43746-DA81-4219-A2BF-1040795EF78D}.Debug|iPhoneSimulator.ActiveCfg = Debug|Any CPU
		{D0B43746-DA81-4219-A2BF-1040795EF78D}.Debug|iPhoneSimulator.Build.0 = Debug|Any CPU
		{D0B43746-DA81-4219-A2BF-1040795EF78D}.Debug|x64.ActiveCfg = Debug|Any CPU
		{D0B43746-DA81-4219-A2BF-1040795EF78D}.Debug|x64.Build.0 = Debug|Any CPU
		{D0B43746-DA81-4219-A2BF-1040795EF78D}.Debug|x86.ActiveCfg = Debug|Any CPU
		{D0B43746-DA81-4219-A2BF-1040795EF78D}.Debug|x86.Build.0 = Debug|Any CPU
		{D0B43746-DA81-4219-A2BF-1040795EF78D}.Release|Any CPU.ActiveCfg = Release|Any CPU
		{D0B43746-DA81-4219-A2BF-1040795EF78D}.Release|Any CPU.Build.0 = Release|Any CPU
		{D0B43746-DA81-4219-A2BF-1040795EF78D}.Release|ARM.ActiveCfg = Release|Any CPU
		{D0B43746-DA81-4219-A2BF-1040795EF78D}.Release|ARM.Build.0 = Release|Any CPU
		{D0B43746-DA81-4219-A2BF-1040795EF78D}.Release|iPhone.ActiveCfg = Release|Any CPU
		{D0B43746-DA81-4219-A2BF-1040795EF78D}.Release|iPhone.Build.0 = Release|Any CPU
		{D0B43746-DA81-4219-A2BF-1040795EF78D}.Release|iPhoneSimulator.ActiveCfg = Release|Any CPU
		{D0B43746-DA81-4219-A2BF-1040795EF78D}.Release|iPhoneSimulator.Build.0 = Release|Any CPU
		{D0B43746-DA81-4219-A2BF-1040795EF78D}.Release|x64.ActiveCfg = Release|Any CPU
		{D0B43746-DA81-4219-A2BF-1040795EF78D}.Release|x64.Build.0 = Release|Any CPU
		{D0B43746-DA81-4219-A2BF-1040795EF78D}.Release|x86.ActiveCfg = Release|Any CPU
		{D0B43746-DA81-4219-A2BF-1040795EF78D}.Release|x86.Build.0 = Release|Any CPU
	EndGlobalSection
	GlobalSection(SolutionProperties) = preSolution
		HideSolutionNode = FALSE
	EndGlobalSection
	GlobalSection(ExtensibilityGlobals) = postSolution
		SolutionGuid = {9A935D2C-C8D3-47B7-BB55-90CA974FA639}
	EndGlobalSection
EndGlobal
